{
  "name": "Deciball",
  "lockfileVersion": 3,
  "requires": true,
  "packages": {
    "": {
      "dependencies": {
        "@hookform/resolvers": "^5.1.1",
        "framer-motion": "^12.7.4",
        "react-hook-form": "^7.60.0",
        "zod": "^3.25.74"
      }
    },
    "node_modules/@hookform/resolvers": {
      "version": "5.1.1",
      "resolved": "https://registry.npmjs.org/@hookform/resolvers/-/resolvers-5.1.1.tgz",
      "integrity": "sha512-J/NVING3LMAEvexJkyTLjruSm7aOFx7QX21pzkiJfMoNG0wl5aFEjLTl7ay7IQb9EWY6AkrBy7tHL2Alijpdcg==",
      "license": "MIT",
      "dependencies": {
        "@standard-schema/utils": "^0.3.0"
      },
      "peerDependencies": {
        "react-hook-form": "^7.55.0"
      }
    },
    "node_modules/@standard-schema/utils": {
      "version": "0.3.0",
      "resolved": "https://registry.npmjs.org/@standard-schema/utils/-/utils-0.3.0.tgz",
      "integrity": "sha512-e7Mew686owMaPJVNNLs55PUvgz371nKgwsc4vxE49zsODpJEnxgxRo2y/OKrqueavXgZNMDVj3DdHFlaSAeU8g==",
      "license": "MIT"
    },
    "node_modules/framer-motion": {
      "version": "12.7.4",
      "resolved": "https://registry.npmjs.org/framer-motion/-/framer-motion-12.7.4.tgz",
      "integrity": "sha512-jX0bPsTmU0oPZTYz/dVyD0dmOyEOEJvdn0TaZBE5I8g2GvVnnQnW9f65cJnoVfUkY3WZWNXGXnPbVA9YnaIfVA==",
      "license": "MIT",
      "dependencies": {
        "motion-dom": "^12.7.4",
        "motion-utils": "^12.7.2",
        "tslib": "^2.4.0"
      },
      "peerDependencies": {
        "@emotion/is-prop-valid": "*",
        "react": "^18.0.0 || ^19.0.0",
        "react-dom": "^18.0.0 || ^19.0.0"
      },
      "peerDependenciesMeta": {
        "@emotion/is-prop-valid": {
          "optional": true
        },
        "react": {
          "optional": true
        },
        "react-dom": {
          "optional": true
        }
      }
    },
    "node_modules/motion-dom": {
      "version": "12.7.4",
      "resolved": "https://registry.npmjs.org/motion-dom/-/motion-dom-12.7.4.tgz",
      "integrity": "sha512-1ZUHAoSUMMxP6jPqyxlk9XUfb6NxMsnWPnH2YGhrOhTURLcXWbETi6eemoKb60Pe32NVJYduL4B62VQSO5Jq8Q==",
      "license": "MIT",
      "dependencies": {
        "motion-utils": "^12.7.2"
      }
    },
    "node_modules/motion-utils": {
      "version": "12.7.2",
      "resolved": "https://registry.npmjs.org/motion-utils/-/motion-utils-12.7.2.tgz",
      "integrity": "sha512-XhZwqctxyJs89oX00zn3OGCuIIpVevbTa+u82usWBC6pSHUd2AoNWiYa7Du8tJxJy9TFbZ82pcn5t7NOm1PHAw==",
      "license": "MIT"
    },
    "node_modules/react": {
      "version": "19.1.0",
      "resolved": "https://registry.npmjs.org/react/-/react-19.1.0.tgz",
      "integrity": "sha512-FS+XFBNvn3GTAWq26joslQgWNoFu08F4kl0J4CgdNKADkdSGXQyTCnKteIAJy96Br6YbpEU1LSzV5dYtjMkMDg==",
      "license": "MIT",
      "peer": true,
      "engines": {
        "node": ">=0.10.0"
      }
    },
    "node_modules/react-hook-form": {
      "version": "7.60.0",
      "resolved": "https://registry.npmjs.org/react-hook-form/-/react-hook-form-7.60.0.tgz",
      "integrity": "sha512-SBrYOvMbDB7cV8ZfNpaiLcgjH/a1c7aK0lK+aNigpf4xWLO8q+o4tcvVurv3c4EOyzn/3dCsYt4GKD42VvJ/+A==",
      "license": "MIT",
      "engines": {
        "node": ">=18.0.0"
      },
      "funding": {
        "type": "opencollective",
        "url": "https://opencollective.com/react-hook-form"
      },
      "peerDependencies": {
        "react": "^16.8.0 || ^17 || ^18 || ^19"
      }
    },
    "node_modules/tslib": {
      "version": "2.8.1",
      "resolved": "https://registry.npmjs.org/tslib/-/tslib-2.8.1.tgz",
      "integrity": "sha512-oJFu94HQb+KVduSUQL7wnpmqnfmLsOA/nAh6b6EH0wCEoK0/mPeXU6c3wKDV83MkOuHPRHtSXKKU99IBazS/2w==",
      "license": "0BSD"
    },
    "node_modules/zod": {
      "version": "3.25.74",
      "resolved": "https://registry.npmjs.org/zod/-/zod-3.25.74.tgz",
      "integrity": "sha512-J8poo92VuhKjNknViHRAIuuN6li/EwFbAC8OedzI8uxpEPGiXHGQu9wemIAioIpqgfB4SySaJhdk0mH5Y4ICBg==",
      "license": "MIT",
      "funding": {
        "url": "https://github.com/sponsors/colinhacks"
      }
    }
  }
}
